
Microsoft Visual Studio Solution File, Format Version 12.00
# Visual Studio 2013
VisualStudioVersion = 12.0.30723.0
MinimumVisualStudioVersion = 10.0.40219.1
Project("{8BC9CEB8-8B4A-11D0-8D11-00A0C91BC942}") = "GrabCutSamples", "GrabCutSamples\GrabCutSamples.vcxproj", "{DEEEA6AF-87E6-448B-B7FA-4CC73B778A22}"
EndProject
Project("{8BC9CEB8-8B4A-11D0-8D11-00A0C91BC942}") = "meanshift", "meanshift\meanshift.vcxproj", "{D216E787-5975-480F-B66C-C9E968E87BB3}"
EndProject
Project("{8BC9CEB8-8B4A-11D0-8D11-00A0C91BC942}") = "Graph Cut", "Graph Cut\Graph Cut.vcxproj", "{4CF5BAB0-2B96-49D6-9CD3-9B1EFA29054D}"
EndProject
Project("{8BC9CEB8-8B4A-11D0-8D11-00A0C91BC942}") = "cvAdaptiveThresholdExample", "cvAdaptiveThresholdExample\cvAdaptiveThresholdExample.vcxproj", "{279B027E-C78C-449B-BE23-71BEED226AAD}"
EndProject
Project("{8BC9CEB8-8B4A-11D0-8D11-00A0C91BC942}") = "edgelink", "cvsnakeimageExample\cvsnakeimageExample.vcxproj", "{B3D5E443-3B0F-45EE-952E-C84583308F25}"
EndProject
Project("{8BC9CEB8-8B4A-11D0-8D11-00A0C91BC942}") = "fitEllipes", "fitEllipes\fitEllipes.vcxproj", "{D365AA85-4B4C-4BFD-8800-01D8815F10A3}"
EndProject
Project("{8BC9CEB8-8B4A-11D0-8D11-00A0C91BC942}") = "IntroCourse_1_ReadAndShow", "IntroductionCourse_1_ReadAndShow\IntroductionCourse_1_ReadAndShow.vcxproj", "{1561D3CA-E289-490D-B647-78B9177441B5}"
EndProject
Project("{8BC9CEB8-8B4A-11D0-8D11-00A0C91BC942}") = "FaceDetecting", "FaceDetecting\FaceDetecting.vcxproj", "{A25AD3D8-3307-4AC0-B797-C2F4204A5D05}"
EndProject
Project("{8BC9CEB8-8B4A-11D0-8D11-00A0C91BC942}") = "IntroCourse_2_ImageTraversal", "IntroductionCourse_2_ImageTraversal\IntroductionCourse_2_ImageTraversal.vcxproj", "{5A3BA87A-19DF-413F-97C6-23A4DB47C5AE}"
EndProject
Project("{8BC9CEB8-8B4A-11D0-8D11-00A0C91BC942}") = "transform", "transform\transform.vcxproj", "{D080614C-EC3B-40D6-BB3B-629061C4259E}"
EndProject
Project("{8BC9CEB8-8B4A-11D0-8D11-00A0C91BC942}") = "IntroCourse_3_PSMagicWand", "IntroCourse_3_PSMagicWand\IntroCourse_3_PSMagicWand.vcxproj", "{490106D5-8241-4093-9848-A3F1005BA02E}"
EndProject
Project("{8BC9CEB8-8B4A-11D0-8D11-00A0C91BC942}") = "CornerDetect", "CornerDetect\CornerDetect.vcxproj", "{E4211C17-2A97-4EA3-97D3-A930815223ED}"
EndProject
Project("{8BC9CEB8-8B4A-11D0-8D11-00A0C91BC942}") = "SVM", "SVM\SVM.vcxproj", "{E780FD5D-3B82-4A23-914F-533556CF65A6}"
EndProject
Project("{8BC9CEB8-8B4A-11D0-8D11-00A0C91BC942}") = "svmDemo1", "svmDemo1\svmDemo1.vcxproj", "{A7807C7E-F938-442F-928E-D26B270318D8}"
EndProject
Project("{8BC9CEB8-8B4A-11D0-8D11-00A0C91BC942}") = "svmLoadSave", "svmLoadSave\svmLoadSave.vcxproj", "{43D1EF2A-F622-45EA-B9FD-FC964217FD93}"
EndProject
Project("{8BC9CEB8-8B4A-11D0-8D11-00A0C91BC942}") = "Contours", "Contours\Contours.vcxproj", "{C04B4370-1D2F-4367-AB87-7BD1A3309545}"
EndProject
Project("{8BC9CEB8-8B4A-11D0-8D11-00A0C91BC942}") = "OpenCV_angel_ver", "OpenCV_angel_ver\OpenCV_angel_ver.vcxproj", "{81EF6E1D-4DF8-4E5C-8718-D229B698A592}"
EndProject
Global
	GlobalSection(SolutionConfigurationPlatforms) = preSolution
		CD_ROM|Win32 = CD_ROM|Win32
		Debug|Win32 = Debug|Win32
		DVD-5|Win32 = DVD-5|Win32
		Release|Win32 = Release|Win32
		SingleImage|Win32 = SingleImage|Win32
	EndGlobalSection
	GlobalSection(ProjectConfigurationPlatforms) = postSolution
		{DEEEA6AF-87E6-448B-B7FA-4CC73B778A22}.CD_ROM|Win32.ActiveCfg = Release|Win32
		{DEEEA6AF-87E6-448B-B7FA-4CC73B778A22}.CD_ROM|Win32.Build.0 = Release|Win32
		{DEEEA6AF-87E6-448B-B7FA-4CC73B778A22}.Debug|Win32.ActiveCfg = Debug|Win32
		{DEEEA6AF-87E6-448B-B7FA-4CC73B778A22}.DVD-5|Win32.ActiveCfg = Debug|Win32
		{DEEEA6AF-87E6-448B-B7FA-4CC73B778A22}.DVD-5|Win32.Build.0 = Debug|Win32
		{DEEEA6AF-87E6-448B-B7FA-4CC73B778A22}.Release|Win32.ActiveCfg = Release|Win32
		{DEEEA6AF-87E6-448B-B7FA-4CC73B778A22}.Release|Win32.Build.0 = Release|Win32
		{DEEEA6AF-87E6-448B-B7FA-4CC73B778A22}.SingleImage|Win32.ActiveCfg = Release|Win32
		{DEEEA6AF-87E6-448B-B7FA-4CC73B778A22}.SingleImage|Win32.Build.0 = Release|Win32
		{D216E787-5975-480F-B66C-C9E968E87BB3}.CD_ROM|Win32.ActiveCfg = Release|Win32
		{D216E787-5975-480F-B66C-C9E968E87BB3}.CD_ROM|Win32.Build.0 = Release|Win32
		{D216E787-5975-480F-B66C-C9E968E87BB3}.Debug|Win32.ActiveCfg = Debug|Win32
		{D216E787-5975-480F-B66C-C9E968E87BB3}.Debug|Win32.Build.0 = Debug|Win32
		{D216E787-5975-480F-B66C-C9E968E87BB3}.DVD-5|Win32.ActiveCfg = Debug|Win32
		{D216E787-5975-480F-B66C-C9E968E87BB3}.DVD-5|Win32.Build.0 = Debug|Win32
		{D216E787-5975-480F-B66C-C9E968E87BB3}.Release|Win32.ActiveCfg = Release|Win32
		{D216E787-5975-480F-B66C-C9E968E87BB3}.Release|Win32.Build.0 = Release|Win32
		{D216E787-5975-480F-B66C-C9E968E87BB3}.SingleImage|Win32.ActiveCfg = Release|Win32
		{D216E787-5975-480F-B66C-C9E968E87BB3}.SingleImage|Win32.Build.0 = Release|Win32
		{4CF5BAB0-2B96-49D6-9CD3-9B1EFA29054D}.CD_ROM|Win32.ActiveCfg = Release|Win32
		{4CF5BAB0-2B96-49D6-9CD3-9B1EFA29054D}.CD_ROM|Win32.Build.0 = Release|Win32
		{4CF5BAB0-2B96-49D6-9CD3-9B1EFA29054D}.Debug|Win32.ActiveCfg = Debug|Win32
		{4CF5BAB0-2B96-49D6-9CD3-9B1EFA29054D}.DVD-5|Win32.ActiveCfg = Debug|Win32
		{4CF5BAB0-2B96-49D6-9CD3-9B1EFA29054D}.DVD-5|Win32.Build.0 = Debug|Win32
		{4CF5BAB0-2B96-49D6-9CD3-9B1EFA29054D}.Release|Win32.ActiveCfg = Release|Win32
		{4CF5BAB0-2B96-49D6-9CD3-9B1EFA29054D}.Release|Win32.Build.0 = Release|Win32
		{4CF5BAB0-2B96-49D6-9CD3-9B1EFA29054D}.SingleImage|Win32.ActiveCfg = Release|Win32
		{4CF5BAB0-2B96-49D6-9CD3-9B1EFA29054D}.SingleImage|Win32.Build.0 = Release|Win32
		{279B027E-C78C-449B-BE23-71BEED226AAD}.CD_ROM|Win32.ActiveCfg = Release|Win32
		{279B027E-C78C-449B-BE23-71BEED226AAD}.CD_ROM|Win32.Build.0 = Release|Win32
		{279B027E-C78C-449B-BE23-71BEED226AAD}.Debug|Win32.ActiveCfg = Debug|Win32
		{279B027E-C78C-449B-BE23-71BEED226AAD}.Debug|Win32.Build.0 = Debug|Win32
		{279B027E-C78C-449B-BE23-71BEED226AAD}.DVD-5|Win32.ActiveCfg = Debug|Win32
		{279B027E-C78C-449B-BE23-71BEED226AAD}.DVD-5|Win32.Build.0 = Debug|Win32
		{279B027E-C78C-449B-BE23-71BEED226AAD}.Release|Win32.ActiveCfg = Release|Win32
		{279B027E-C78C-449B-BE23-71BEED226AAD}.Release|Win32.Build.0 = Release|Win32
		{279B027E-C78C-449B-BE23-71BEED226AAD}.SingleImage|Win32.ActiveCfg = Release|Win32
		{279B027E-C78C-449B-BE23-71BEED226AAD}.SingleImage|Win32.Build.0 = Release|Win32
		{B3D5E443-3B0F-45EE-952E-C84583308F25}.CD_ROM|Win32.ActiveCfg = Release|Win32
		{B3D5E443-3B0F-45EE-952E-C84583308F25}.CD_ROM|Win32.Build.0 = Release|Win32
		{B3D5E443-3B0F-45EE-952E-C84583308F25}.Debug|Win32.ActiveCfg = Debug|Win32
		{B3D5E443-3B0F-45EE-952E-C84583308F25}.Debug|Win32.Build.0 = Debug|Win32
		{B3D5E443-3B0F-45EE-952E-C84583308F25}.DVD-5|Win32.ActiveCfg = Debug|Win32
		{B3D5E443-3B0F-45EE-952E-C84583308F25}.DVD-5|Win32.Build.0 = Debug|Win32
		{B3D5E443-3B0F-45EE-952E-C84583308F25}.Release|Win32.ActiveCfg = Release|Win32
		{B3D5E443-3B0F-45EE-952E-C84583308F25}.Release|Win32.Build.0 = Release|Win32
		{B3D5E443-3B0F-45EE-952E-C84583308F25}.SingleImage|Win32.ActiveCfg = Release|Win32
		{B3D5E443-3B0F-45EE-952E-C84583308F25}.SingleImage|Win32.Build.0 = Release|Win32
		{D365AA85-4B4C-4BFD-8800-01D8815F10A3}.CD_ROM|Win32.ActiveCfg = Release|Win32
		{D365AA85-4B4C-4BFD-8800-01D8815F10A3}.CD_ROM|Win32.Build.0 = Release|Win32
		{D365AA85-4B4C-4BFD-8800-01D8815F10A3}.Debug|Win32.ActiveCfg = Debug|Win32
		{D365AA85-4B4C-4BFD-8800-01D8815F10A3}.Debug|Win32.Build.0 = Debug|Win32
		{D365AA85-4B4C-4BFD-8800-01D8815F10A3}.DVD-5|Win32.ActiveCfg = Debug|Win32
		{D365AA85-4B4C-4BFD-8800-01D8815F10A3}.DVD-5|Win32.Build.0 = Debug|Win32
		{D365AA85-4B4C-4BFD-8800-01D8815F10A3}.Release|Win32.ActiveCfg = Release|Win32
		{D365AA85-4B4C-4BFD-8800-01D8815F10A3}.Release|Win32.Build.0 = Release|Win32
		{D365AA85-4B4C-4BFD-8800-01D8815F10A3}.SingleImage|Win32.ActiveCfg = Release|Win32
		{D365AA85-4B4C-4BFD-8800-01D8815F10A3}.SingleImage|Win32.Build.0 = Release|Win32
		{1561D3CA-E289-490D-B647-78B9177441B5}.CD_ROM|Win32.ActiveCfg = Release|Win32
		{1561D3CA-E289-490D-B647-78B9177441B5}.CD_ROM|Win32.Build.0 = Release|Win32
		{1561D3CA-E289-490D-B647-78B9177441B5}.Debug|Win32.ActiveCfg = Debug|Win32
		{1561D3CA-E289-490D-B647-78B9177441B5}.DVD-5|Win32.ActiveCfg = Debug|Win32
		{1561D3CA-E289-490D-B647-78B9177441B5}.DVD-5|Win32.Build.0 = Debug|Win32
		{1561D3CA-E289-490D-B647-78B9177441B5}.Release|Win32.ActiveCfg = Release|Win32
		{1561D3CA-E289-490D-B647-78B9177441B5}.Release|Win32.Build.0 = Release|Win32
		{1561D3CA-E289-490D-B647-78B9177441B5}.SingleImage|Win32.ActiveCfg = Release|Win32
		{1561D3CA-E289-490D-B647-78B9177441B5}.SingleImage|Win32.Build.0 = Release|Win32
		{A25AD3D8-3307-4AC0-B797-C2F4204A5D05}.CD_ROM|Win32.ActiveCfg = Release|Win32
		{A25AD3D8-3307-4AC0-B797-C2F4204A5D05}.CD_ROM|Win32.Build.0 = Release|Win32
		{A25AD3D8-3307-4AC0-B797-C2F4204A5D05}.Debug|Win32.ActiveCfg = Debug|Win32
		{A25AD3D8-3307-4AC0-B797-C2F4204A5D05}.DVD-5|Win32.ActiveCfg = Debug|Win32
		{A25AD3D8-3307-4AC0-B797-C2F4204A5D05}.DVD-5|Win32.Build.0 = Debug|Win32
		{A25AD3D8-3307-4AC0-B797-C2F4204A5D05}.Release|Win32.ActiveCfg = Release|Win32
		{A25AD3D8-3307-4AC0-B797-C2F4204A5D05}.Release|Win32.Build.0 = Release|Win32
		{A25AD3D8-3307-4AC0-B797-C2F4204A5D05}.SingleImage|Win32.ActiveCfg = Release|Win32
		{A25AD3D8-3307-4AC0-B797-C2F4204A5D05}.SingleImage|Win32.Build.0 = Release|Win32
		{5A3BA87A-19DF-413F-97C6-23A4DB47C5AE}.CD_ROM|Win32.ActiveCfg = Release|Win32
		{5A3BA87A-19DF-413F-97C6-23A4DB47C5AE}.CD_ROM|Win32.Build.0 = Release|Win32
		{5A3BA87A-19DF-413F-97C6-23A4DB47C5AE}.Debug|Win32.ActiveCfg = Debug|Win32
		{5A3BA87A-19DF-413F-97C6-23A4DB47C5AE}.DVD-5|Win32.ActiveCfg = Debug|Win32
		{5A3BA87A-19DF-413F-97C6-23A4DB47C5AE}.DVD-5|Win32.Build.0 = Debug|Win32
		{5A3BA87A-19DF-413F-97C6-23A4DB47C5AE}.Release|Win32.ActiveCfg = Release|Win32
		{5A3BA87A-19DF-413F-97C6-23A4DB47C5AE}.Release|Win32.Build.0 = Release|Win32
		{5A3BA87A-19DF-413F-97C6-23A4DB47C5AE}.SingleImage|Win32.ActiveCfg = Release|Win32
		{5A3BA87A-19DF-413F-97C6-23A4DB47C5AE}.SingleImage|Win32.Build.0 = Release|Win32
		{D080614C-EC3B-40D6-BB3B-629061C4259E}.CD_ROM|Win32.ActiveCfg = Release|Win32
		{D080614C-EC3B-40D6-BB3B-629061C4259E}.CD_ROM|Win32.Build.0 = Release|Win32
		{D080614C-EC3B-40D6-BB3B-629061C4259E}.Debug|Win32.ActiveCfg = Debug|Win32
		{D080614C-EC3B-40D6-BB3B-629061C4259E}.Debug|Win32.Build.0 = Debug|Win32
		{D080614C-EC3B-40D6-BB3B-629061C4259E}.DVD-5|Win32.ActiveCfg = Debug|Win32
		{D080614C-EC3B-40D6-BB3B-629061C4259E}.DVD-5|Win32.Build.0 = Debug|Win32
		{D080614C-EC3B-40D6-BB3B-629061C4259E}.Release|Win32.ActiveCfg = Release|Win32
		{D080614C-EC3B-40D6-BB3B-629061C4259E}.Release|Win32.Build.0 = Release|Win32
		{D080614C-EC3B-40D6-BB3B-629061C4259E}.SingleImage|Win32.ActiveCfg = Release|Win32
		{D080614C-EC3B-40D6-BB3B-629061C4259E}.SingleImage|Win32.Build.0 = Release|Win32
		{490106D5-8241-4093-9848-A3F1005BA02E}.CD_ROM|Win32.ActiveCfg = Release|Win32
		{490106D5-8241-4093-9848-A3F1005BA02E}.CD_ROM|Win32.Build.0 = Release|Win32
		{490106D5-8241-4093-9848-A3F1005BA02E}.Debug|Win32.ActiveCfg = Debug|Win32
		{490106D5-8241-4093-9848-A3F1005BA02E}.Debug|Win32.Build.0 = Debug|Win32
		{490106D5-8241-4093-9848-A3F1005BA02E}.DVD-5|Win32.ActiveCfg = Debug|Win32
		{490106D5-8241-4093-9848-A3F1005BA02E}.DVD-5|Win32.Build.0 = Debug|Win32
		{490106D5-8241-4093-9848-A3F1005BA02E}.Release|Win32.ActiveCfg = Release|Win32
		{490106D5-8241-4093-9848-A3F1005BA02E}.Release|Win32.Build.0 = Release|Win32
		{490106D5-8241-4093-9848-A3F1005BA02E}.SingleImage|Win32.ActiveCfg = Release|Win32
		{490106D5-8241-4093-9848-A3F1005BA02E}.SingleImage|Win32.Build.0 = Release|Win32
		{E4211C17-2A97-4EA3-97D3-A930815223ED}.CD_ROM|Win32.ActiveCfg = Release|Win32
		{E4211C17-2A97-4EA3-97D3-A930815223ED}.CD_ROM|Win32.Build.0 = Release|Win32
		{E4211C17-2A97-4EA3-97D3-A930815223ED}.Debug|Win32.ActiveCfg = Debug|Win32
		{E4211C17-2A97-4EA3-97D3-A930815223ED}.Debug|Win32.Build.0 = Debug|Win32
		{E4211C17-2A97-4EA3-97D3-A930815223ED}.DVD-5|Win32.ActiveCfg = Debug|Win32
		{E4211C17-2A97-4EA3-97D3-A930815223ED}.DVD-5|Win32.Build.0 = Debug|Win32
		{E4211C17-2A97-4EA3-97D3-A930815223ED}.Release|Win32.ActiveCfg = Release|Win32
		{E4211C17-2A97-4EA3-97D3-A930815223ED}.Release|Win32.Build.0 = Release|Win32
		{E4211C17-2A97-4EA3-97D3-A930815223ED}.SingleImage|Win32.ActiveCfg = Release|Win32
		{E4211C17-2A97-4EA3-97D3-A930815223ED}.SingleImage|Win32.Build.0 = Release|Win32
		{E780FD5D-3B82-4A23-914F-533556CF65A6}.CD_ROM|Win32.ActiveCfg = Release|Win32
		{E780FD5D-3B82-4A23-914F-533556CF65A6}.CD_ROM|Win32.Build.0 = Release|Win32
		{E780FD5D-3B82-4A23-914F-533556CF65A6}.Debug|Win32.ActiveCfg = Debug|Win32
		{E780FD5D-3B82-4A23-914F-533556CF65A6}.Debug|Win32.Build.0 = Debug|Win32
		{E780FD5D-3B82-4A23-914F-533556CF65A6}.DVD-5|Win32.ActiveCfg = Debug|Win32
		{E780FD5D-3B82-4A23-914F-533556CF65A6}.DVD-5|Win32.Build.0 = Debug|Win32
		{E780FD5D-3B82-4A23-914F-533556CF65A6}.Release|Win32.ActiveCfg = Release|Win32
		{E780FD5D-3B82-4A23-914F-533556CF65A6}.Release|Win32.Build.0 = Release|Win32
		{E780FD5D-3B82-4A23-914F-533556CF65A6}.SingleImage|Win32.ActiveCfg = Release|Win32
		{E780FD5D-3B82-4A23-914F-533556CF65A6}.SingleImage|Win32.Build.0 = Release|Win32
		{A7807C7E-F938-442F-928E-D26B270318D8}.CD_ROM|Win32.ActiveCfg = Release|Win32
		{A7807C7E-F938-442F-928E-D26B270318D8}.CD_ROM|Win32.Build.0 = Release|Win32
		{A7807C7E-F938-442F-928E-D26B270318D8}.Debug|Win32.ActiveCfg = Debug|Win32
		{A7807C7E-F938-442F-928E-D26B270318D8}.Debug|Win32.Build.0 = Debug|Win32
		{A7807C7E-F938-442F-928E-D26B270318D8}.DVD-5|Win32.ActiveCfg = Debug|Win32
		{A7807C7E-F938-442F-928E-D26B270318D8}.DVD-5|Win32.Build.0 = Debug|Win32
		{A7807C7E-F938-442F-928E-D26B270318D8}.Release|Win32.ActiveCfg = Release|Win32
		{A7807C7E-F938-442F-928E-D26B270318D8}.Release|Win32.Build.0 = Release|Win32
		{A7807C7E-F938-442F-928E-D26B270318D8}.SingleImage|Win32.ActiveCfg = Release|Win32
		{A7807C7E-F938-442F-928E-D26B270318D8}.SingleImage|Win32.Build.0 = Release|Win32
		{43D1EF2A-F622-45EA-B9FD-FC964217FD93}.CD_ROM|Win32.ActiveCfg = Release|Win32
		{43D1EF2A-F622-45EA-B9FD-FC964217FD93}.CD_ROM|Win32.Build.0 = Release|Win32
		{43D1EF2A-F622-45EA-B9FD-FC964217FD93}.Debug|Win32.ActiveCfg = Debug|Win32
		{43D1EF2A-F622-45EA-B9FD-FC964217FD93}.Debug|Win32.Build.0 = Debug|Win32
		{43D1EF2A-F622-45EA-B9FD-FC964217FD93}.DVD-5|Win32.ActiveCfg = Debug|Win32
		{43D1EF2A-F622-45EA-B9FD-FC964217FD93}.DVD-5|Win32.Build.0 = Debug|Win32
		{43D1EF2A-F622-45EA-B9FD-FC964217FD93}.Release|Win32.ActiveCfg = Release|Win32
		{43D1EF2A-F622-45EA-B9FD-FC964217FD93}.Release|Win32.Build.0 = Release|Win32
		{43D1EF2A-F622-45EA-B9FD-FC964217FD93}.SingleImage|Win32.ActiveCfg = Release|Win32
		{43D1EF2A-F622-45EA-B9FD-FC964217FD93}.SingleImage|Win32.Build.0 = Release|Win32
		{C04B4370-1D2F-4367-AB87-7BD1A3309545}.CD_ROM|Win32.ActiveCfg = Release|Win32
		{C04B4370-1D2F-4367-AB87-7BD1A3309545}.CD_ROM|Win32.Build.0 = Release|Win32
		{C04B4370-1D2F-4367-AB87-7BD1A3309545}.Debug|Win32.ActiveCfg = Debug|Win32
		{C04B4370-1D2F-4367-AB87-7BD1A3309545}.Debug|Win32.Build.0 = Debug|Win32
		{C04B4370-1D2F-4367-AB87-7BD1A3309545}.DVD-5|Win32.ActiveCfg = Debug|Win32
		{C04B4370-1D2F-4367-AB87-7BD1A3309545}.DVD-5|Win32.Build.0 = Debug|Win32
		{C04B4370-1D2F-4367-AB87-7BD1A3309545}.Release|Win32.ActiveCfg = Release|Win32
		{C04B4370-1D2F-4367-AB87-7BD1A3309545}.Release|Win32.Build.0 = Release|Win32
		{C04B4370-1D2F-4367-AB87-7BD1A3309545}.SingleImage|Win32.ActiveCfg = Release|Win32
		{C04B4370-1D2F-4367-AB87-7BD1A3309545}.SingleImage|Win32.Build.0 = Release|Win32
		{81EF6E1D-4DF8-4E5C-8718-D229B698A592}.CD_ROM|Win32.ActiveCfg = Release|Win32
		{81EF6E1D-4DF8-4E5C-8718-D229B698A592}.CD_ROM|Win32.Build.0 = Release|Win32
		{81EF6E1D-4DF8-4E5C-8718-D229B698A592}.Debug|Win32.ActiveCfg = Debug|Win32
		{81EF6E1D-4DF8-4E5C-8718-D229B698A592}.Debug|Win32.Build.0 = Debug|Win32
		{81EF6E1D-4DF8-4E5C-8718-D229B698A592}.DVD-5|Win32.ActiveCfg = Debug|Win32
		{81EF6E1D-4DF8-4E5C-8718-D229B698A592}.DVD-5|Win32.Build.0 = Debug|Win32
		{81EF6E1D-4DF8-4E5C-8718-D229B698A592}.Release|Win32.ActiveCfg = Release|Win32
		{81EF6E1D-4DF8-4E5C-8718-D229B698A592}.Release|Win32.Build.0 = Release|Win32
		{81EF6E1D-4DF8-4E5C-8718-D229B698A592}.SingleImage|Win32.ActiveCfg = Release|Win32
		{81EF6E1D-4DF8-4E5C-8718-D229B698A592}.SingleImage|Win32.Build.0 = Release|Win32
	EndGlobalSection
	GlobalSection(SolutionProperties) = preSolution
		HideSolutionNode = FALSE
	EndGlobalSection
EndGlobal
