
Microsoft Visual Studio Solution File, Format Version 12.00
# Visual Studio 2013
VisualStudioVersion = 12.0.30723.0
MinimumVisualStudioVersion = 10.0.40219.1
Project("{8BC9CEB8-8B4A-11D0-8D11-00A0C91BC942}") = "GrabCutSamples", "GrabCutSamples\GrabCutSamples.vcxproj", "{DEEEA6AF-87E6-448B-B7FA-4CC73B778A22}"
EndProject
Project("{8BC9CEB8-8B4A-11D0-8D11-00A0C91BC942}") = "meanshift", "meanshift\meanshift.vcxproj", "{D216E787-5975-480F-B66C-C9E968E87BB3}"
EndProject
Project("{8BC9CEB8-8B4A-11D0-8D11-00A0C91BC942}") = "cvAdaptiveThresholdExample", "cvAdaptiveThresholdExample\cvAdaptiveThresholdExample.vcxproj", "{279B027E-C78C-449B-BE23-71BEED226AAD}"
EndProject
Project("{8BC9CEB8-8B4A-11D0-8D11-00A0C91BC942}") = "edgelink", "cvsnakeimageExample\cvsnakeimageExample.vcxproj", "{B3D5E443-3B0F-45EE-952E-C84583308F25}"
EndProject
Project("{8BC9CEB8-8B4A-11D0-8D11-00A0C91BC942}") = "fitEllipes", "fitEllipes\fitEllipes.vcxproj", "{D365AA85-4B4C-4BFD-8800-01D8815F10A3}"
EndProject
Project("{8BC9CEB8-8B4A-11D0-8D11-00A0C91BC942}") = "IntroCourse_1_ReadAndShow", "IntroductionCourse_1_ReadAndShow\IntroductionCourse_1_ReadAndShow.vcxproj", "{1561D3CA-E289-490D-B647-78B9177441B5}"
EndProject
Project("{8BC9CEB8-8B4A-11D0-8D11-00A0C91BC942}") = "FaceDetecting", "FaceDetecting\FaceDetecting.vcxproj", "{A25AD3D8-3307-4AC0-B797-C2F4204A5D05}"
EndProject
Project("{8BC9CEB8-8B4A-11D0-8D11-00A0C91BC942}") = "IntroCourse_2_ImageTraversal", "IntroductionCourse_2_ImageTraversal\IntroductionCourse_2_ImageTraversal.vcxproj", "{5A3BA87A-19DF-413F-97C6-23A4DB47C5AE}"
EndProject
Project("{8BC9CEB8-8B4A-11D0-8D11-00A0C91BC942}") = "transform", "transform\transform.vcxproj", "{D080614C-EC3B-40D6-BB3B-629061C4259E}"
EndProject
Project("{8BC9CEB8-8B4A-11D0-8D11-00A0C91BC942}") = "IntroCourse_3_PSMagicWand", "IntroCourse_3_PSMagicWand\IntroCourse_3_PSMagicWand.vcxproj", "{490106D5-8241-4093-9848-A3F1005BA02E}"
EndProject
Project("{8BC9CEB8-8B4A-11D0-8D11-00A0C91BC942}") = "CornerDetect", "CornerDetect\CornerDetect.vcxproj", "{E4211C17-2A97-4EA3-97D3-A930815223ED}"
EndProject
Project("{8BC9CEB8-8B4A-11D0-8D11-00A0C91BC942}") = "SVM", "SVM\SVM.vcxproj", "{E780FD5D-3B82-4A23-914F-533556CF65A6}"
EndProject
Project("{8BC9CEB8-8B4A-11D0-8D11-00A0C91BC942}") = "Contours", "Contours\Contours.vcxproj", "{C04B4370-1D2F-4367-AB87-7BD1A3309545}"
EndProject
Project("{8BC9CEB8-8B4A-11D0-8D11-00A0C91BC942}") = "OpenCV_angel_ver", "OpenCV_angel_ver\OpenCV_angel_ver.vcxproj", "{81EF6E1D-4DF8-4E5C-8718-D229B698A592}"
EndProject
Project("{8BC9CEB8-8B4A-11D0-8D11-00A0C91BC942}") = "Connected_Component_Analysis", "Connected_Component_Analysis\Connected_Component_Analysis.vcxproj", "{C8C44953-2B2C-49FE-A521-74A253B61E82}"
EndProject
Project("{8BC9CEB8-8B4A-11D0-8D11-00A0C91BC942}") = "fitEllipes2", "fitEllipes2\fitEllipes2.vcxproj", "{08BBDEFD-70C1-486F-AE1E-40923BBDE32C}"
EndProject
Project("{8BC9CEB8-8B4A-11D0-8D11-00A0C91BC942}") = "BatchProcess", "BatchProcess\BatchProcess.vcxproj", "{CBECC738-905A-4C33-AE04-AB1A4184B23E}"
EndProject
Project("{8BC9CEB8-8B4A-11D0-8D11-00A0C91BC942}") = "LBP计算", "LBP计算\LBP计算.vcxproj", "{0DF4F731-496F-4378-AF2C-6FEE8454C238}"
EndProject
Project("{8BC9CEB8-8B4A-11D0-8D11-00A0C91BC942}") = "graham_algorithm", "graham_algorithm\graham_algorithm.vcxproj", "{BFD78833-4BFA-4149-A5C7-355BFC5920AF}"
EndProject
Project("{8BC9CEB8-8B4A-11D0-8D11-00A0C91BC942}") = "code_test", "pointer_test\pointer_test.vcxproj", "{49F14CB4-1D5B-45AF-BE9F-90F724B7FF91}"
EndProject
Project("{8BC9CEB8-8B4A-11D0-8D11-00A0C91BC942}") = "inverted_index", "inverted_index\inverted_index.vcxproj", "{0A3BB81E-6128-4347-A32A-9AE7CF25A4BB}"
EndProject
Global
	GlobalSection(SolutionConfigurationPlatforms) = preSolution
		CD_ROM|Win32 = CD_ROM|Win32
		Debug|Win32 = Debug|Win32
		DVD-5|Win32 = DVD-5|Win32
		Release|Win32 = Release|Win32
		SingleImage|Win32 = SingleImage|Win32
	EndGlobalSection
	GlobalSection(ProjectConfigurationPlatforms) = postSolution
		{DEEEA6AF-87E6-448B-B7FA-4CC73B778A22}.CD_ROM|Win32.ActiveCfg = Release|Win32
		{DEEEA6AF-87E6-448B-B7FA-4CC73B778A22}.CD_ROM|Win32.Build.0 = Release|Win32
		{DEEEA6AF-87E6-448B-B7FA-4CC73B778A22}.Debug|Win32.ActiveCfg = Debug|Win32
		{DEEEA6AF-87E6-448B-B7FA-4CC73B778A22}.DVD-5|Win32.ActiveCfg = Debug|Win32
		{DEEEA6AF-87E6-448B-B7FA-4CC73B778A22}.DVD-5|Win32.Build.0 = Debug|Win32
		{DEEEA6AF-87E6-448B-B7FA-4CC73B778A22}.Release|Win32.ActiveCfg = Release|Win32
		{DEEEA6AF-87E6-448B-B7FA-4CC73B778A22}.Release|Win32.Build.0 = Release|Win32
		{DEEEA6AF-87E6-448B-B7FA-4CC73B778A22}.SingleImage|Win32.ActiveCfg = Release|Win32
		{DEEEA6AF-87E6-448B-B7FA-4CC73B778A22}.SingleImage|Win32.Build.0 = Release|Win32
		{D216E787-5975-480F-B66C-C9E968E87BB3}.CD_ROM|Win32.ActiveCfg = Release|Win32
		{D216E787-5975-480F-B66C-C9E968E87BB3}.CD_ROM|Win32.Build.0 = Release|Win32
		{D216E787-5975-480F-B66C-C9E968E87BB3}.Debug|Win32.ActiveCfg = Debug|Win32
		{D216E787-5975-480F-B66C-C9E968E87BB3}.Debug|Win32.Build.0 = Debug|Win32
		{D216E787-5975-480F-B66C-C9E968E87BB3}.DVD-5|Win32.ActiveCfg = Debug|Win32
		{D216E787-5975-480F-B66C-C9E968E87BB3}.DVD-5|Win32.Build.0 = Debug|Win32
		{D216E787-5975-480F-B66C-C9E968E87BB3}.Release|Win32.ActiveCfg = Release|Win32
		{D216E787-5975-480F-B66C-C9E968E87BB3}.Release|Win32.Build.0 = Release|Win32
		{D216E787-5975-480F-B66C-C9E968E87BB3}.SingleImage|Win32.ActiveCfg = Release|Win32
		{D216E787-5975-480F-B66C-C9E968E87BB3}.SingleImage|Win32.Build.0 = Release|Win32
		{279B027E-C78C-449B-BE23-71BEED226AAD}.CD_ROM|Win32.ActiveCfg = Release|Win32
		{279B027E-C78C-449B-BE23-71BEED226AAD}.CD_ROM|Win32.Build.0 = Release|Win32
		{279B027E-C78C-449B-BE23-71BEED226AAD}.Debug|Win32.ActiveCfg = Debug|Win32
		{279B027E-C78C-449B-BE23-71BEED226AAD}.Debug|Win32.Build.0 = Debug|Win32
		{279B027E-C78C-449B-BE23-71BEED226AAD}.DVD-5|Win32.ActiveCfg = Debug|Win32
		{279B027E-C78C-449B-BE23-71BEED226AAD}.DVD-5|Win32.Build.0 = Debug|Win32
		{279B027E-C78C-449B-BE23-71BEED226AAD}.Release|Win32.ActiveCfg = Release|Win32
		{279B027E-C78C-449B-BE23-71BEED226AAD}.Release|Win32.Build.0 = Release|Win32
		{279B027E-C78C-449B-BE23-71BEED226AAD}.SingleImage|Win32.ActiveCfg = Release|Win32
		{279B027E-C78C-449B-BE23-71BEED226AAD}.SingleImage|Win32.Build.0 = Release|Win32
		{B3D5E443-3B0F-45EE-952E-C84583308F25}.CD_ROM|Win32.ActiveCfg = Release|Win32
		{B3D5E443-3B0F-45EE-952E-C84583308F25}.CD_ROM|Win32.Build.0 = Release|Win32
		{B3D5E443-3B0F-45EE-952E-C84583308F25}.Debug|Win32.ActiveCfg = Debug|Win32
		{B3D5E443-3B0F-45EE-952E-C84583308F25}.Debug|Win32.Build.0 = Debug|Win32
		{B3D5E443-3B0F-45EE-952E-C84583308F25}.DVD-5|Win32.ActiveCfg = Debug|Win32
		{B3D5E443-3B0F-45EE-952E-C84583308F25}.DVD-5|Win32.Build.0 = Debug|Win32
		{B3D5E443-3B0F-45EE-952E-C84583308F25}.Release|Win32.ActiveCfg = Release|Win32
		{B3D5E443-3B0F-45EE-952E-C84583308F25}.Release|Win32.Build.0 = Release|Win32
		{B3D5E443-3B0F-45EE-952E-C84583308F25}.SingleImage|Win32.ActiveCfg = Release|Win32
		{B3D5E443-3B0F-45EE-952E-C84583308F25}.SingleImage|Win32.Build.0 = Release|Win32
		{D365AA85-4B4C-4BFD-8800-01D8815F10A3}.CD_ROM|Win32.ActiveCfg = Release|Win32
		{D365AA85-4B4C-4BFD-8800-01D8815F10A3}.CD_ROM|Win32.Build.0 = Release|Win32
		{D365AA85-4B4C-4BFD-8800-01D8815F10A3}.Debug|Win32.ActiveCfg = Debug|Win32
		{D365AA85-4B4C-4BFD-8800-01D8815F10A3}.Debug|Win32.Build.0 = Debug|Win32
		{D365AA85-4B4C-4BFD-8800-01D8815F10A3}.DVD-5|Win32.ActiveCfg = Debug|Win32
		{D365AA85-4B4C-4BFD-8800-01D8815F10A3}.DVD-5|Win32.Build.0 = Debug|Win32
		{D365AA85-4B4C-4BFD-8800-01D8815F10A3}.Release|Win32.ActiveCfg = Release|Win32
		{D365AA85-4B4C-4BFD-8800-01D8815F10A3}.Release|Win32.Build.0 = Release|Win32
		{D365AA85-4B4C-4BFD-8800-01D8815F10A3}.SingleImage|Win32.ActiveCfg = Release|Win32
		{D365AA85-4B4C-4BFD-8800-01D8815F10A3}.SingleImage|Win32.Build.0 = Release|Win32
		{1561D3CA-E289-490D-B647-78B9177441B5}.CD_ROM|Win32.ActiveCfg = Release|Win32
		{1561D3CA-E289-490D-B647-78B9177441B5}.CD_ROM|Win32.Build.0 = Release|Win32
		{1561D3CA-E289-490D-B647-78B9177441B5}.Debug|Win32.ActiveCfg = Debug|Win32
		{1561D3CA-E289-490D-B647-78B9177441B5}.DVD-5|Win32.ActiveCfg = Debug|Win32
		{1561D3CA-E289-490D-B647-78B9177441B5}.DVD-5|Win32.Build.0 = Debug|Win32
		{1561D3CA-E289-490D-B647-78B9177441B5}.Release|Win32.ActiveCfg = Release|Win32
		{1561D3CA-E289-490D-B647-78B9177441B5}.Release|Win32.Build.0 = Release|Win32
		{1561D3CA-E289-490D-B647-78B9177441B5}.SingleImage|Win32.ActiveCfg = Release|Win32
		{1561D3CA-E289-490D-B647-78B9177441B5}.SingleImage|Win32.Build.0 = Release|Win32
		{A25AD3D8-3307-4AC0-B797-C2F4204A5D05}.CD_ROM|Win32.ActiveCfg = Release|Win32
		{A25AD3D8-3307-4AC0-B797-C2F4204A5D05}.CD_ROM|Win32.Build.0 = Release|Win32
		{A25AD3D8-3307-4AC0-B797-C2F4204A5D05}.Debug|Win32.ActiveCfg = Debug|Win32
		{A25AD3D8-3307-4AC0-B797-C2F4204A5D05}.DVD-5|Win32.ActiveCfg = Debug|Win32
		{A25AD3D8-3307-4AC0-B797-C2F4204A5D05}.DVD-5|Win32.Build.0 = Debug|Win32
		{A25AD3D8-3307-4AC0-B797-C2F4204A5D05}.Release|Win32.ActiveCfg = Release|Win32
		{A25AD3D8-3307-4AC0-B797-C2F4204A5D05}.Release|Win32.Build.0 = Release|Win32
		{A25AD3D8-3307-4AC0-B797-C2F4204A5D05}.SingleImage|Win32.ActiveCfg = Release|Win32
		{A25AD3D8-3307-4AC0-B797-C2F4204A5D05}.SingleImage|Win32.Build.0 = Release|Win32
		{5A3BA87A-19DF-413F-97C6-23A4DB47C5AE}.CD_ROM|Win32.ActiveCfg = Release|Win32
		{5A3BA87A-19DF-413F-97C6-23A4DB47C5AE}.CD_ROM|Win32.Build.0 = Release|Win32
		{5A3BA87A-19DF-413F-97C6-23A4DB47C5AE}.Debug|Win32.ActiveCfg = Debug|Win32
		{5A3BA87A-19DF-413F-97C6-23A4DB47C5AE}.DVD-5|Win32.ActiveCfg = Debug|Win32
		{5A3BA87A-19DF-413F-97C6-23A4DB47C5AE}.DVD-5|Win32.Build.0 = Debug|Win32
		{5A3BA87A-19DF-413F-97C6-23A4DB47C5AE}.Release|Win32.ActiveCfg = Release|Win32
		{5A3BA87A-19DF-413F-97C6-23A4DB47C5AE}.Release|Win32.Build.0 = Release|Win32
		{5A3BA87A-19DF-413F-97C6-23A4DB47C5AE}.SingleImage|Win32.ActiveCfg = Release|Win32
		{5A3BA87A-19DF-413F-97C6-23A4DB47C5AE}.SingleImage|Win32.Build.0 = Release|Win32
		{D080614C-EC3B-40D6-BB3B-629061C4259E}.CD_ROM|Win32.ActiveCfg = Release|Win32
		{D080614C-EC3B-40D6-BB3B-629061C4259E}.CD_ROM|Win32.Build.0 = Release|Win32
		{D080614C-EC3B-40D6-BB3B-629061C4259E}.Debug|Win32.ActiveCfg = Debug|Win32
		{D080614C-EC3B-40D6-BB3B-629061C4259E}.Debug|Win32.Build.0 = Debug|Win32
		{D080614C-EC3B-40D6-BB3B-629061C4259E}.DVD-5|Win32.ActiveCfg = Debug|Win32
		{D080614C-EC3B-40D6-BB3B-629061C4259E}.DVD-5|Win32.Build.0 = Debug|Win32
		{D080614C-EC3B-40D6-BB3B-629061C4259E}.Release|Win32.ActiveCfg = Release|Win32
		{D080614C-EC3B-40D6-BB3B-629061C4259E}.Release|Win32.Build.0 = Release|Win32
		{D080614C-EC3B-40D6-BB3B-629061C4259E}.SingleImage|Win32.ActiveCfg = Release|Win32
		{D080614C-EC3B-40D6-BB3B-629061C4259E}.SingleImage|Win32.Build.0 = Release|Win32
		{490106D5-8241-4093-9848-A3F1005BA02E}.CD_ROM|Win32.ActiveCfg = Release|Win32
		{490106D5-8241-4093-9848-A3F1005BA02E}.CD_ROM|Win32.Build.0 = Release|Win32
		{490106D5-8241-4093-9848-A3F1005BA02E}.Debug|Win32.ActiveCfg = Debug|Win32
		{490106D5-8241-4093-9848-A3F1005BA02E}.Debug|Win32.Build.0 = Debug|Win32
		{490106D5-8241-4093-9848-A3F1005BA02E}.DVD-5|Win32.ActiveCfg = Debug|Win32
		{490106D5-8241-4093-9848-A3F1005BA02E}.DVD-5|Win32.Build.0 = Debug|Win32
		{490106D5-8241-4093-9848-A3F1005BA02E}.Release|Win32.ActiveCfg = Release|Win32
		{490106D5-8241-4093-9848-A3F1005BA02E}.Release|Win32.Build.0 = Release|Win32
		{490106D5-8241-4093-9848-A3F1005BA02E}.SingleImage|Win32.ActiveCfg = Release|Win32
		{490106D5-8241-4093-9848-A3F1005BA02E}.SingleImage|Win32.Build.0 = Release|Win32
		{E4211C17-2A97-4EA3-97D3-A930815223ED}.CD_ROM|Win32.ActiveCfg = Release|Win32
		{E4211C17-2A97-4EA3-97D3-A930815223ED}.CD_ROM|Win32.Build.0 = Release|Win32
		{E4211C17-2A97-4EA3-97D3-A930815223ED}.Debug|Win32.ActiveCfg = Debug|Win32
		{E4211C17-2A97-4EA3-97D3-A930815223ED}.Debug|Win32.Build.0 = Debug|Win32
		{E4211C17-2A97-4EA3-97D3-A930815223ED}.DVD-5|Win32.ActiveCfg = Debug|Win32
		{E4211C17-2A97-4EA3-97D3-A930815223ED}.DVD-5|Win32.Build.0 = Debug|Win32
		{E4211C17-2A97-4EA3-97D3-A930815223ED}.Release|Win32.ActiveCfg = Release|Win32
		{E4211C17-2A97-4EA3-97D3-A930815223ED}.Release|Win32.Build.0 = Release|Win32
		{E4211C17-2A97-4EA3-97D3-A930815223ED}.SingleImage|Win32.ActiveCfg = Release|Win32
		{E4211C17-2A97-4EA3-97D3-A930815223ED}.SingleImage|Win32.Build.0 = Release|Win32
		{E780FD5D-3B82-4A23-914F-533556CF65A6}.CD_ROM|Win32.ActiveCfg = Release|Win32
		{E780FD5D-3B82-4A23-914F-533556CF65A6}.CD_ROM|Win32.Build.0 = Release|Win32
		{E780FD5D-3B82-4A23-914F-533556CF65A6}.Debug|Win32.ActiveCfg = Debug|Win32
		{E780FD5D-3B82-4A23-914F-533556CF65A6}.Debug|Win32.Build.0 = Debug|Win32
		{E780FD5D-3B82-4A23-914F-533556CF65A6}.DVD-5|Win32.ActiveCfg = Debug|Win32
		{E780FD5D-3B82-4A23-914F-533556CF65A6}.DVD-5|Win32.Build.0 = Debug|Win32
		{E780FD5D-3B82-4A23-914F-533556CF65A6}.Release|Win32.ActiveCfg = Release|Win32
		{E780FD5D-3B82-4A23-914F-533556CF65A6}.Release|Win32.Build.0 = Release|Win32
		{E780FD5D-3B82-4A23-914F-533556CF65A6}.SingleImage|Win32.ActiveCfg = Release|Win32
		{E780FD5D-3B82-4A23-914F-533556CF65A6}.SingleImage|Win32.Build.0 = Release|Win32
		{C04B4370-1D2F-4367-AB87-7BD1A3309545}.CD_ROM|Win32.ActiveCfg = Release|Win32
		{C04B4370-1D2F-4367-AB87-7BD1A3309545}.CD_ROM|Win32.Build.0 = Release|Win32
		{C04B4370-1D2F-4367-AB87-7BD1A3309545}.Debug|Win32.ActiveCfg = Debug|Win32
		{C04B4370-1D2F-4367-AB87-7BD1A3309545}.Debug|Win32.Build.0 = Debug|Win32
		{C04B4370-1D2F-4367-AB87-7BD1A3309545}.DVD-5|Win32.ActiveCfg = Debug|Win32
		{C04B4370-1D2F-4367-AB87-7BD1A3309545}.DVD-5|Win32.Build.0 = Debug|Win32
		{C04B4370-1D2F-4367-AB87-7BD1A3309545}.Release|Win32.ActiveCfg = Release|Win32
		{C04B4370-1D2F-4367-AB87-7BD1A3309545}.Release|Win32.Build.0 = Release|Win32
		{C04B4370-1D2F-4367-AB87-7BD1A3309545}.SingleImage|Win32.ActiveCfg = Release|Win32
		{C04B4370-1D2F-4367-AB87-7BD1A3309545}.SingleImage|Win32.Build.0 = Release|Win32
		{81EF6E1D-4DF8-4E5C-8718-D229B698A592}.CD_ROM|Win32.ActiveCfg = Release|Win32
		{81EF6E1D-4DF8-4E5C-8718-D229B698A592}.CD_ROM|Win32.Build.0 = Release|Win32
		{81EF6E1D-4DF8-4E5C-8718-D229B698A592}.Debug|Win32.ActiveCfg = Debug|Win32
		{81EF6E1D-4DF8-4E5C-8718-D229B698A592}.Debug|Win32.Build.0 = Debug|Win32
		{81EF6E1D-4DF8-4E5C-8718-D229B698A592}.DVD-5|Win32.ActiveCfg = Debug|Win32
		{81EF6E1D-4DF8-4E5C-8718-D229B698A592}.DVD-5|Win32.Build.0 = Debug|Win32
		{81EF6E1D-4DF8-4E5C-8718-D229B698A592}.Release|Win32.ActiveCfg = Release|Win32
		{81EF6E1D-4DF8-4E5C-8718-D229B698A592}.Release|Win32.Build.0 = Release|Win32
		{81EF6E1D-4DF8-4E5C-8718-D229B698A592}.SingleImage|Win32.ActiveCfg = Release|Win32
		{81EF6E1D-4DF8-4E5C-8718-D229B698A592}.SingleImage|Win32.Build.0 = Release|Win32
		{C8C44953-2B2C-49FE-A521-74A253B61E82}.CD_ROM|Win32.ActiveCfg = Release|Win32
		{C8C44953-2B2C-49FE-A521-74A253B61E82}.CD_ROM|Win32.Build.0 = Release|Win32
		{C8C44953-2B2C-49FE-A521-74A253B61E82}.Debug|Win32.ActiveCfg = Debug|Win32
		{C8C44953-2B2C-49FE-A521-74A253B61E82}.Debug|Win32.Build.0 = Debug|Win32
		{C8C44953-2B2C-49FE-A521-74A253B61E82}.DVD-5|Win32.ActiveCfg = Debug|Win32
		{C8C44953-2B2C-49FE-A521-74A253B61E82}.DVD-5|Win32.Build.0 = Debug|Win32
		{C8C44953-2B2C-49FE-A521-74A253B61E82}.Release|Win32.ActiveCfg = Release|Win32
		{C8C44953-2B2C-49FE-A521-74A253B61E82}.Release|Win32.Build.0 = Release|Win32
		{C8C44953-2B2C-49FE-A521-74A253B61E82}.SingleImage|Win32.ActiveCfg = Release|Win32
		{C8C44953-2B2C-49FE-A521-74A253B61E82}.SingleImage|Win32.Build.0 = Release|Win32
		{08BBDEFD-70C1-486F-AE1E-40923BBDE32C}.CD_ROM|Win32.ActiveCfg = Release|Win32
		{08BBDEFD-70C1-486F-AE1E-40923BBDE32C}.CD_ROM|Win32.Build.0 = Release|Win32
		{08BBDEFD-70C1-486F-AE1E-40923BBDE32C}.Debug|Win32.ActiveCfg = Debug|Win32
		{08BBDEFD-70C1-486F-AE1E-40923BBDE32C}.Debug|Win32.Build.0 = Debug|Win32
		{08BBDEFD-70C1-486F-AE1E-40923BBDE32C}.DVD-5|Win32.ActiveCfg = Debug|Win32
		{08BBDEFD-70C1-486F-AE1E-40923BBDE32C}.DVD-5|Win32.Build.0 = Debug|Win32
		{08BBDEFD-70C1-486F-AE1E-40923BBDE32C}.Release|Win32.ActiveCfg = Release|Win32
		{08BBDEFD-70C1-486F-AE1E-40923BBDE32C}.Release|Win32.Build.0 = Release|Win32
		{08BBDEFD-70C1-486F-AE1E-40923BBDE32C}.SingleImage|Win32.ActiveCfg = Release|Win32
		{08BBDEFD-70C1-486F-AE1E-40923BBDE32C}.SingleImage|Win32.Build.0 = Release|Win32
		{CBECC738-905A-4C33-AE04-AB1A4184B23E}.CD_ROM|Win32.ActiveCfg = Release|Win32
		{CBECC738-905A-4C33-AE04-AB1A4184B23E}.CD_ROM|Win32.Build.0 = Release|Win32
		{CBECC738-905A-4C33-AE04-AB1A4184B23E}.Debug|Win32.ActiveCfg = Debug|Win32
		{CBECC738-905A-4C33-AE04-AB1A4184B23E}.Debug|Win32.Build.0 = Debug|Win32
		{CBECC738-905A-4C33-AE04-AB1A4184B23E}.DVD-5|Win32.ActiveCfg = Debug|Win32
		{CBECC738-905A-4C33-AE04-AB1A4184B23E}.DVD-5|Win32.Build.0 = Debug|Win32
		{CBECC738-905A-4C33-AE04-AB1A4184B23E}.Release|Win32.ActiveCfg = Release|Win32
		{CBECC738-905A-4C33-AE04-AB1A4184B23E}.Release|Win32.Build.0 = Release|Win32
		{CBECC738-905A-4C33-AE04-AB1A4184B23E}.SingleImage|Win32.ActiveCfg = Release|Win32
		{CBECC738-905A-4C33-AE04-AB1A4184B23E}.SingleImage|Win32.Build.0 = Release|Win32
		{0DF4F731-496F-4378-AF2C-6FEE8454C238}.CD_ROM|Win32.ActiveCfg = Release|Win32
		{0DF4F731-496F-4378-AF2C-6FEE8454C238}.CD_ROM|Win32.Build.0 = Release|Win32
		{0DF4F731-496F-4378-AF2C-6FEE8454C238}.Debug|Win32.ActiveCfg = Debug|Win32
		{0DF4F731-496F-4378-AF2C-6FEE8454C238}.Debug|Win32.Build.0 = Debug|Win32
		{0DF4F731-496F-4378-AF2C-6FEE8454C238}.DVD-5|Win32.ActiveCfg = Debug|Win32
		{0DF4F731-496F-4378-AF2C-6FEE8454C238}.DVD-5|Win32.Build.0 = Debug|Win32
		{0DF4F731-496F-4378-AF2C-6FEE8454C238}.Release|Win32.ActiveCfg = Release|Win32
		{0DF4F731-496F-4378-AF2C-6FEE8454C238}.Release|Win32.Build.0 = Release|Win32
		{0DF4F731-496F-4378-AF2C-6FEE8454C238}.SingleImage|Win32.ActiveCfg = Release|Win32
		{0DF4F731-496F-4378-AF2C-6FEE8454C238}.SingleImage|Win32.Build.0 = Release|Win32
		{BFD78833-4BFA-4149-A5C7-355BFC5920AF}.CD_ROM|Win32.ActiveCfg = Release|Win32
		{BFD78833-4BFA-4149-A5C7-355BFC5920AF}.CD_ROM|Win32.Build.0 = Release|Win32
		{BFD78833-4BFA-4149-A5C7-355BFC5920AF}.Debug|Win32.ActiveCfg = Debug|Win32
		{BFD78833-4BFA-4149-A5C7-355BFC5920AF}.Debug|Win32.Build.0 = Debug|Win32
		{BFD78833-4BFA-4149-A5C7-355BFC5920AF}.DVD-5|Win32.ActiveCfg = Debug|Win32
		{BFD78833-4BFA-4149-A5C7-355BFC5920AF}.DVD-5|Win32.Build.0 = Debug|Win32
		{BFD78833-4BFA-4149-A5C7-355BFC5920AF}.Release|Win32.ActiveCfg = Release|Win32
		{BFD78833-4BFA-4149-A5C7-355BFC5920AF}.Release|Win32.Build.0 = Release|Win32
		{BFD78833-4BFA-4149-A5C7-355BFC5920AF}.SingleImage|Win32.ActiveCfg = Release|Win32
		{BFD78833-4BFA-4149-A5C7-355BFC5920AF}.SingleImage|Win32.Build.0 = Release|Win32
		{49F14CB4-1D5B-45AF-BE9F-90F724B7FF91}.CD_ROM|Win32.ActiveCfg = Release|Win32
		{49F14CB4-1D5B-45AF-BE9F-90F724B7FF91}.CD_ROM|Win32.Build.0 = Release|Win32
		{49F14CB4-1D5B-45AF-BE9F-90F724B7FF91}.Debug|Win32.ActiveCfg = Debug|Win32
		{49F14CB4-1D5B-45AF-BE9F-90F724B7FF91}.Debug|Win32.Build.0 = Debug|Win32
		{49F14CB4-1D5B-45AF-BE9F-90F724B7FF91}.DVD-5|Win32.ActiveCfg = Debug|Win32
		{49F14CB4-1D5B-45AF-BE9F-90F724B7FF91}.DVD-5|Win32.Build.0 = Debug|Win32
		{49F14CB4-1D5B-45AF-BE9F-90F724B7FF91}.Release|Win32.ActiveCfg = Release|Win32
		{49F14CB4-1D5B-45AF-BE9F-90F724B7FF91}.Release|Win32.Build.0 = Release|Win32
		{49F14CB4-1D5B-45AF-BE9F-90F724B7FF91}.SingleImage|Win32.ActiveCfg = Release|Win32
		{49F14CB4-1D5B-45AF-BE9F-90F724B7FF91}.SingleImage|Win32.Build.0 = Release|Win32
		{0A3BB81E-6128-4347-A32A-9AE7CF25A4BB}.CD_ROM|Win32.ActiveCfg = Release|Win32
		{0A3BB81E-6128-4347-A32A-9AE7CF25A4BB}.CD_ROM|Win32.Build.0 = Release|Win32
		{0A3BB81E-6128-4347-A32A-9AE7CF25A4BB}.Debug|Win32.ActiveCfg = Debug|Win32
		{0A3BB81E-6128-4347-A32A-9AE7CF25A4BB}.Debug|Win32.Build.0 = Debug|Win32
		{0A3BB81E-6128-4347-A32A-9AE7CF25A4BB}.DVD-5|Win32.ActiveCfg = Debug|Win32
		{0A3BB81E-6128-4347-A32A-9AE7CF25A4BB}.DVD-5|Win32.Build.0 = Debug|Win32
		{0A3BB81E-6128-4347-A32A-9AE7CF25A4BB}.Release|Win32.ActiveCfg = Release|Win32
		{0A3BB81E-6128-4347-A32A-9AE7CF25A4BB}.Release|Win32.Build.0 = Release|Win32
		{0A3BB81E-6128-4347-A32A-9AE7CF25A4BB}.SingleImage|Win32.ActiveCfg = Release|Win32
		{0A3BB81E-6128-4347-A32A-9AE7CF25A4BB}.SingleImage|Win32.Build.0 = Release|Win32
	EndGlobalSection
	GlobalSection(SolutionProperties) = preSolution
		HideSolutionNode = FALSE
	EndGlobalSection
EndGlobal
